// !$*UTF8*$!
{
	archiveVersion = 1;
	classes = {
	};
	objectVersion = 45;
	objects = {

/* Begin PBXBuildFile section */
		3838FB3C137AC2B3005687A1 /* CustomCameraManipulator.cpp in Sources */ = {isa = PBXBuildFile; fileRef = 3838FB3B137AC2B3005687A1 /* CustomCameraManipulator.cpp */; };
		385EECA0138161E8009E3B71 /* CustomEventHandler.cpp in Sources */ = {isa = PBXBuildFile; fileRef = 385EEC9F138161E8009E3B71 /* CustomEventHandler.cpp */; };
		38A4FE7213681A2A003D16F9 /* Intersections.cpp in Sources */ = {isa = PBXBuildFile; fileRef = 38A4FE6E13681A2A003D16F9 /* Intersections.cpp */; };
		38A4FE7313681A2A003D16F9 /* Skeletonize.cpp in Sources */ = {isa = PBXBuildFile; fileRef = 38A4FE7013681A2A003D16F9 /* Skeletonize.cpp */; };
		38A4FE7413681A2A003D16F9 /* Intersections.cpp in Sources */ = {isa = PBXBuildFile; fileRef = 38A4FE6E13681A2A003D16F9 /* Intersections.cpp */; };
		38A4FE7513681A2A003D16F9 /* Skeletonize.cpp in Sources */ = {isa = PBXBuildFile; fileRef = 38A4FE7013681A2A003D16F9 /* Skeletonize.cpp */; };
		38A6E89F136E996B00F44AAD /* videogeometry.cpp in Sources */ = {isa = PBXBuildFile; fileRef = 38A6E89D136E996B00F44AAD /* videogeometry.cpp */; };
		38A6E97B136EB0D200F44AAD /* main-VideoGeometry.cpp in Sources */ = {isa = PBXBuildFile; fileRef = 38A6E97A136EB0D200F44AAD /* main-VideoGeometry.cpp */; };
		38C1CB9A135306A3002C7EBE /* blob.cpp in Sources */ = {isa = PBXBuildFile; fileRef = 38C1CB89135306A3002C7EBE /* blob.cpp */; };
		38C1CB9B135306A3002C7EBE /* bloblist.cpp in Sources */ = {isa = PBXBuildFile; fileRef = 38C1CB8B135306A3002C7EBE /* bloblist.cpp */; };
		38C1CB9C135306A3002C7EBE /* hashtable.cpp in Sources */ = {isa = PBXBuildFile; fileRef = 38C1CB8D135306A3002C7EBE /* hashtable.cpp */; };
		38C1CB9D135306A3002C7EBE /* llah.cpp in Sources */ = {isa = PBXBuildFile; fileRef = 38C1CB8F135306A3002C7EBE /* llah.cpp */; };
		38C1CB9E135306A3002C7EBE /* llahparam.cpp in Sources */ = {isa = PBXBuildFile; fileRef = 38C1CB91135306A3002C7EBE /* llahparam.cpp */; };
		38C1CB9F135306A3002C7EBE /* paper.cpp in Sources */ = {isa = PBXBuildFile; fileRef = 38C1CB94135306A3002C7EBE /* paper.cpp */; };
		38C1CBA0135306A3002C7EBE /* paperlist.cpp in Sources */ = {isa = PBXBuildFile; fileRef = 38C1CB96135306A3002C7EBE /* paperlist.cpp */; };
		38C1CBA1135306A3002C7EBE /* window.cpp in Sources */ = {isa = PBXBuildFile; fileRef = 38C1CB98135306A3002C7EBE /* window.cpp */; };
		38C1CBB2135306CA002C7EBE /* combination.cpp in Sources */ = {isa = PBXBuildFile; fileRef = 38C1CBA3135306CA002C7EBE /* combination.cpp */; };
		38C1CBB3135306CA002C7EBE /* glwindow.cpp in Sources */ = {isa = PBXBuildFile; fileRef = 38C1CBA5135306CA002C7EBE /* glwindow.cpp */; };
		38C1CBB4135306CA002C7EBE /* mycam.cpp in Sources */ = {isa = PBXBuildFile; fileRef = 38C1CBA7135306CA002C7EBE /* mycam.cpp */; };
		38C1CBB5135306CA002C7EBE /* myimage.cpp in Sources */ = {isa = PBXBuildFile; fileRef = 38C1CBA9135306CA002C7EBE /* myimage.cpp */; };
		38C1CBB6135306CA002C7EBE /* mylabel.cpp in Sources */ = {isa = PBXBuildFile; fileRef = 38C1CBAB135306CA002C7EBE /* mylabel.cpp */; };
		38C1CBB7135306CA002C7EBE /* mymat.cpp in Sources */ = {isa = PBXBuildFile; fileRef = 38C1CBAD135306CA002C7EBE /* mymat.cpp */; };
		38C1CBB8135306CA002C7EBE /* mytimer.cpp in Sources */ = {isa = PBXBuildFile; fileRef = 38C1CBAF135306CA002C7EBE /* mytimer.cpp */; };
		38C1CBBD135306ED002C7EBE /* libopencv_core.dylib in Frameworks */ = {isa = PBXBuildFile; fileRef = 38C1CBBA135306ED002C7EBE /* libopencv_core.dylib */; };
		38C1CBBE135306ED002C7EBE /* libopencv_highgui.dylib in Frameworks */ = {isa = PBXBuildFile; fileRef = 38C1CBBB135306ED002C7EBE /* libopencv_highgui.dylib */; };
		38C1CBBF135306ED002C7EBE /* libopencv_imgproc.dylib in Frameworks */ = {isa = PBXBuildFile; fileRef = 38C1CBBC135306ED002C7EBE /* libopencv_imgproc.dylib */; };
		38C1CBC313530702002C7EBE /* GLUT.framework in Frameworks */ = {isa = PBXBuildFile; fileRef = 38C1CBC213530702002C7EBE /* GLUT.framework */; };
		38C1CBC513530702002C7EBE /* OpenGL.framework in Frameworks */ = {isa = PBXBuildFile; fileRef = 38C1CBC413530702002C7EBE /* OpenGL.framework */; };
		38C1CBF513530875002C7EBE /* libopencv_calib3d.dylib in Frameworks */ = {isa = PBXBuildFile; fileRef = 38C1CBF413530875002C7EBE /* libopencv_calib3d.dylib */; };
		8DD76F650486A84900D96B5E /* main.cpp in Sources */ = {isa = PBXBuildFile; fileRef = 08FB7796FE84155DC02AAC07 /* main.cpp */; settings = {ATTRIBUTES = (); }; };
		8DD76F6A0486A84900D96B5E /* RandomDotMarkers.1 in CopyFiles */ = {isa = PBXBuildFile; fileRef = C6859E8B029090EE04C91782 /* RandomDotMarkers.1 */; };
		A3348D4A13672B8000B334E2 /* libopencv_core.dylib in Frameworks */ = {isa = PBXBuildFile; fileRef = A3348D4913672B8000B334E2 /* libopencv_core.dylib */; };
		A3348D4C13672B8D00B334E2 /* libopencv_features2d.dylib in Frameworks */ = {isa = PBXBuildFile; fileRef = A3348D4B13672B8D00B334E2 /* libopencv_features2d.dylib */; };
		A3348D5113672BAC00B334E2 /* libopencv_highgui.dylib in Frameworks */ = {isa = PBXBuildFile; fileRef = A3348D4D13672BAC00B334E2 /* libopencv_highgui.dylib */; };
		A3348D5213672BAC00B334E2 /* libopencv_imgproc.dylib in Frameworks */ = {isa = PBXBuildFile; fileRef = A3348D4E13672BAC00B334E2 /* libopencv_imgproc.dylib */; };
		A3348D5313672BAC00B334E2 /* libopencv_legacy.dylib in Frameworks */ = {isa = PBXBuildFile; fileRef = A3348D4F13672BAC00B334E2 /* libopencv_legacy.dylib */; };
		A3348D5413672BAC00B334E2 /* libopencv_video.dylib in Frameworks */ = {isa = PBXBuildFile; fileRef = A3348D5013672BAC00B334E2 /* libopencv_video.dylib */; };
		A350BE681366E24B0098ABA4 /* libosg.dylib in Frameworks */ = {isa = PBXBuildFile; fileRef = A350BE601366E24B0098ABA4 /* libosg.dylib */; };
		A350BE691366E24B0098ABA4 /* libosgDB.dylib in Frameworks */ = {isa = PBXBuildFile; fileRef = A350BE611366E24B0098ABA4 /* libosgDB.dylib */; };
		A350BE6A1366E24B0098ABA4 /* libosgGA.dylib in Frameworks */ = {isa = PBXBuildFile; fileRef = A350BE621366E24B0098ABA4 /* libosgGA.dylib */; };
		A350BE6B1366E24B0098ABA4 /* libosgParticle.dylib in Frameworks */ = {isa = PBXBuildFile; fileRef = A350BE631366E24B0098ABA4 /* libosgParticle.dylib */; };
		A350BE6C1366E24B0098ABA4 /* libosgSim.dylib in Frameworks */ = {isa = PBXBuildFile; fileRef = A350BE641366E24B0098ABA4 /* libosgSim.dylib */; };
		A350BE6D1366E24B0098ABA4 /* libosgText.dylib in Frameworks */ = {isa = PBXBuildFile; fileRef = A350BE651366E24B0098ABA4 /* libosgText.dylib */; };
		A350BE6E1366E24B0098ABA4 /* libosgUtil.dylib in Frameworks */ = {isa = PBXBuildFile; fileRef = A350BE661366E24B0098ABA4 /* libosgUtil.dylib */; };
		A350BE6F1366E24B0098ABA4 /* libosgViewer.dylib in Frameworks */ = {isa = PBXBuildFile; fileRef = A350BE671366E24B0098ABA4 /* libosgViewer.dylib */; };
		A350BE721366E2530098ABA4 /* libOpenThreads.dylib in Frameworks */ = {isa = PBXBuildFile; fileRef = A350BE711366E2530098ABA4 /* libOpenThreads.dylib */; };
		A357223813AF1B3C00852F2E /* Color.hpp in Sources */ = {isa = PBXBuildFile; fileRef = A357222513AF1AFC00852F2E /* Color.hpp */; };
		A357223913AF1B3C00852F2E /* IdentLabel.hpp in Sources */ = {isa = PBXBuildFile; fileRef = A357222613AF1AFC00852F2E /* IdentLabel.hpp */; };
		A357223A13AF1B3C00852F2E /* main.cpp in Sources */ = {isa = PBXBuildFile; fileRef = A357222713AF1AFC00852F2E /* main.cpp */; };
		A357223B13AF1B3C00852F2E /* RoadExtraction.cpp in Sources */ = {isa = PBXBuildFile; fileRef = A357222813AF1AFC00852F2E /* RoadExtraction.cpp */; };
		A357223C13AF1B3C00852F2E /* RoadExtraction.hpp in Sources */ = {isa = PBXBuildFile; fileRef = A357222913AF1AFC00852F2E /* RoadExtraction.hpp */; };
		A357224813AF1B7B00852F2E /* libopencv_calib3d.dylib in Frameworks */ = {isa = PBXBuildFile; fileRef = A357223D13AF1B7B00852F2E /* libopencv_calib3d.dylib */; };
		A357224913AF1B7B00852F2E /* libopencv_contrib.dylib in Frameworks */ = {isa = PBXBuildFile; fileRef = A357223E13AF1B7B00852F2E /* libopencv_contrib.dylib */; };
		A357224A13AF1B7B00852F2E /* libopencv_core.dylib in Frameworks */ = {isa = PBXBuildFile; fileRef = A357223F13AF1B7B00852F2E /* libopencv_core.dylib */; };
		A357224B13AF1B7B00852F2E /* libopencv_features2d.dylib in Frameworks */ = {isa = PBXBuildFile; fileRef = A357224013AF1B7B00852F2E /* libopencv_features2d.dylib */; };
		A357224C13AF1B7B00852F2E /* libopencv_flann.dylib in Frameworks */ = {isa = PBXBuildFile; fileRef = A357224113AF1B7B00852F2E /* libopencv_flann.dylib */; };
		A357224D13AF1B7B00852F2E /* libopencv_highgui.dylib in Frameworks */ = {isa = PBXBuildFile; fileRef = A357224213AF1B7B00852F2E /* libopencv_highgui.dylib */; };
		A357224E13AF1B7B00852F2E /* libopencv_imgproc.dylib in Frameworks */ = {isa = PBXBuildFile; fileRef = A357224313AF1B7B00852F2E /* libopencv_imgproc.dylib */; };
		A357224F13AF1B7B00852F2E /* libopencv_legacy.dylib in Frameworks */ = {isa = PBXBuildFile; fileRef = A357224413AF1B7B00852F2E /* libopencv_legacy.dylib */; };
		A357225013AF1B7B00852F2E /* libopencv_ml.dylib in Frameworks */ = {isa = PBXBuildFile; fileRef = A357224513AF1B7B00852F2E /* libopencv_ml.dylib */; };
		A357225113AF1B7B00852F2E /* libopencv_objdetect.dylib in Frameworks */ = {isa = PBXBuildFile; fileRef = A357224613AF1B7B00852F2E /* libopencv_objdetect.dylib */; };
		A357225213AF1B7B00852F2E /* libopencv_video.dylib in Frameworks */ = {isa = PBXBuildFile; fileRef = A357224713AF1B7B00852F2E /* libopencv_video.dylib */; };
		A36AD8481366CD3F0066E897 /* main.cpp in Sources */ = {isa = PBXBuildFile; fileRef = A36AD8471366CD3F0066E897 /* main.cpp */; };
		A383E31613CD94B4002663AD /* imgProcChiang.cpp in Sources */ = {isa = PBXBuildFile; fileRef = A383E31413CD94B4002663AD /* imgProcChiang.cpp */; };
		A3FA014A13857056001C0AAD /* imgProcGM.cpp in Sources */ = {isa = PBXBuildFile; fileRef = A3FA014813857056001C0AAD /* imgProcGM.cpp */; };
/* End PBXBuildFile section */

/* Begin PBXCopyFilesBuildPhase section */
		8DD76F690486A84900D96B5E /* CopyFiles */ = {
			isa = PBXCopyFilesBuildPhase;
			buildActionMask = 8;
			dstPath = /usr/share/man/man1/;
			dstSubfolderSpec = 0;
			files = (
				8DD76F6A0486A84900D96B5E /* RandomDotMarkers.1 in CopyFiles */,
			);
			runOnlyForDeploymentPostprocessing = 1;
		};
		A357222C13AF1B1600852F2E /* CopyFiles */ = {
			isa = PBXCopyFilesBuildPhase;
			buildActionMask = 2147483647;
			dstPath = /usr/share/man/man1/;
			dstSubfolderSpec = 0;
			files = (
			);
			runOnlyForDeploymentPostprocessing = 1;
		};
		A36AD8421366CD3F0066E897 /* CopyFiles */ = {
			isa = PBXCopyFilesBuildPhase;
			buildActionMask = 2147483647;
			dstPath = /usr/share/man/man1/;
			dstSubfolderSpec = 0;
			files = (
			);
			runOnlyForDeploymentPostprocessing = 1;
		};
/* End PBXCopyFilesBuildPhase section */

/* Begin PBXFileReference section */
		08FB7796FE84155DC02AAC07 /* main.cpp */ = {isa = PBXFileReference; fileEncoding = 4; lastKnownFileType = sourcecode.cpp.cpp; path = main.cpp; sourceTree = "<group>"; };
		3838FB3A137AC2B3005687A1 /* CustomCameraManipulator.h */ = {isa = PBXFileReference; fileEncoding = 4; lastKnownFileType = sourcecode.c.h; path = CustomCameraManipulator.h; sourceTree = "<group>"; };
		3838FB3B137AC2B3005687A1 /* CustomCameraManipulator.cpp */ = {isa = PBXFileReference; fileEncoding = 4; lastKnownFileType = sourcecode.cpp.cpp; path = CustomCameraManipulator.cpp; sourceTree = "<group>"; };
		384E3D2A13704B6100ABCB00 /* NAM-FFmpegImageStream.cpp */ = {isa = PBXFileReference; fileEncoding = 4; lastKnownFileType = sourcecode.cpp.cpp; path = "NAM-FFmpegImageStream.cpp"; sourceTree = "<group>"; };
		384E3D2B13704B6100ABCB00 /* NAM-FFmpegImageStream.hpp */ = {isa = PBXFileReference; fileEncoding = 4; lastKnownFileType = sourcecode.cpp.h; path = "NAM-FFmpegImageStream.hpp"; sourceTree = "<group>"; };
		385EEC9E138161E8009E3B71 /* CustomEventHandler.h */ = {isa = PBXFileReference; fileEncoding = 4; lastKnownFileType = sourcecode.c.h; path = CustomEventHandler.h; sourceTree = "<group>"; };
		385EEC9F138161E8009E3B71 /* CustomEventHandler.cpp */ = {isa = PBXFileReference; fileEncoding = 4; lastKnownFileType = sourcecode.cpp.cpp; path = CustomEventHandler.cpp; sourceTree = "<group>"; };
		38A4FE6E13681A2A003D16F9 /* Intersections.cpp */ = {isa = PBXFileReference; fileEncoding = 4; lastKnownFileType = sourcecode.cpp.cpp; name = Intersections.cpp; path = skeletonization/Intersections.cpp; sourceTree = "<group>"; };
		38A4FE6F13681A2A003D16F9 /* Intersections.h */ = {isa = PBXFileReference; fileEncoding = 4; lastKnownFileType = sourcecode.c.h; name = Intersections.h; path = skeletonization/Intersections.h; sourceTree = "<group>"; };
		38A4FE7013681A2A003D16F9 /* Skeletonize.cpp */ = {isa = PBXFileReference; fileEncoding = 4; lastKnownFileType = sourcecode.cpp.cpp; name = Skeletonize.cpp; path = skeletonization/Skeletonize.cpp; sourceTree = "<group>"; };
		38A4FE7113681A2A003D16F9 /* Skeletonize.h */ = {isa = PBXFileReference; fileEncoding = 4; lastKnownFileType = sourcecode.c.h; name = Skeletonize.h; path = skeletonization/Skeletonize.h; sourceTree = "<group>"; };
		38A6E89D136E996B00F44AAD /* videogeometry.cpp */ = {isa = PBXFileReference; fileEncoding = 4; lastKnownFileType = sourcecode.cpp.cpp; path = videogeometry.cpp; sourceTree = "<group>"; };
		38A6E89E136E996B00F44AAD /* videogeometry.h */ = {isa = PBXFileReference; fileEncoding = 4; lastKnownFileType = sourcecode.c.h; path = videogeometry.h; sourceTree = "<group>"; };
		38A6E97A136EB0D200F44AAD /* main-VideoGeometry.cpp */ = {isa = PBXFileReference; fileEncoding = 4; lastKnownFileType = sourcecode.cpp.cpp; path = "main-VideoGeometry.cpp"; sourceTree = "<group>"; };
		38C1CB89135306A3002C7EBE /* blob.cpp */ = {isa = PBXFileReference; fileEncoding = 4; lastKnownFileType = sourcecode.cpp.cpp; path = blob.cpp; sourceTree = "<group>"; };
		38C1CB8A135306A3002C7EBE /* blob.h */ = {isa = PBXFileReference; fileEncoding = 4; lastKnownFileType = sourcecode.c.h; path = blob.h; sourceTree = "<group>"; };
		38C1CB8B135306A3002C7EBE /* bloblist.cpp */ = {isa = PBXFileReference; fileEncoding = 4; lastKnownFileType = sourcecode.cpp.cpp; path = bloblist.cpp; sourceTree = "<group>"; };
		38C1CB8C135306A3002C7EBE /* bloblist.h */ = {isa = PBXFileReference; fileEncoding = 4; lastKnownFileType = sourcecode.c.h; path = bloblist.h; sourceTree = "<group>"; };
		38C1CB8D135306A3002C7EBE /* hashtable.cpp */ = {isa = PBXFileReference; fileEncoding = 4; lastKnownFileType = sourcecode.cpp.cpp; path = hashtable.cpp; sourceTree = "<group>"; };
		38C1CB8E135306A3002C7EBE /* hashtable.h */ = {isa = PBXFileReference; fileEncoding = 4; lastKnownFileType = sourcecode.c.h; path = hashtable.h; sourceTree = "<group>"; };
		38C1CB8F135306A3002C7EBE /* llah.cpp */ = {isa = PBXFileReference; fileEncoding = 4; lastKnownFileType = sourcecode.cpp.cpp; path = llah.cpp; sourceTree = "<group>"; };
		38C1CB90135306A3002C7EBE /* llah.h */ = {isa = PBXFileReference; fileEncoding = 4; lastKnownFileType = sourcecode.c.h; path = llah.h; sourceTree = "<group>"; };
		38C1CB91135306A3002C7EBE /* llahparam.cpp */ = {isa = PBXFileReference; fileEncoding = 4; lastKnownFileType = sourcecode.cpp.cpp; path = llahparam.cpp; sourceTree = "<group>"; };
		38C1CB92135306A3002C7EBE /* llahparam.h */ = {isa = PBXFileReference; fileEncoding = 4; lastKnownFileType = sourcecode.c.h; path = llahparam.h; sourceTree = "<group>"; };
		38C1CB93135306A3002C7EBE /* main.h */ = {isa = PBXFileReference; fileEncoding = 4; lastKnownFileType = sourcecode.c.h; path = main.h; sourceTree = "<group>"; };
		38C1CB94135306A3002C7EBE /* paper.cpp */ = {isa = PBXFileReference; fileEncoding = 4; lastKnownFileType = sourcecode.cpp.cpp; path = paper.cpp; sourceTree = "<group>"; };
		38C1CB95135306A3002C7EBE /* paper.h */ = {isa = PBXFileReference; fileEncoding = 4; lastKnownFileType = sourcecode.c.h; path = paper.h; sourceTree = "<group>"; };
		38C1CB96135306A3002C7EBE /* paperlist.cpp */ = {isa = PBXFileReference; fileEncoding = 4; lastKnownFileType = sourcecode.cpp.cpp; path = paperlist.cpp; sourceTree = "<group>"; };
		38C1CB97135306A3002C7EBE /* paperlist.h */ = {isa = PBXFileReference; fileEncoding = 4; lastKnownFileType = sourcecode.c.h; path = paperlist.h; sourceTree = "<group>"; };
		38C1CB98135306A3002C7EBE /* window.cpp */ = {isa = PBXFileReference; fileEncoding = 4; lastKnownFileType = sourcecode.cpp.cpp; path = window.cpp; sourceTree = "<group>"; };
		38C1CB99135306A3002C7EBE /* window.h */ = {isa = PBXFileReference; fileEncoding = 4; lastKnownFileType = sourcecode.c.h; path = window.h; sourceTree = "<group>"; };
		38C1CBA3135306CA002C7EBE /* combination.cpp */ = {isa = PBXFileReference; fileEncoding = 4; lastKnownFileType = sourcecode.cpp.cpp; name = combination.cpp; path = mylib/combination.cpp; sourceTree = "<group>"; };
		38C1CBA4135306CA002C7EBE /* combination.h */ = {isa = PBXFileReference; fileEncoding = 4; lastKnownFileType = sourcecode.c.h; name = combination.h; path = mylib/combination.h; sourceTree = "<group>"; };
		38C1CBA5135306CA002C7EBE /* glwindow.cpp */ = {isa = PBXFileReference; fileEncoding = 4; lastKnownFileType = sourcecode.cpp.cpp; name = glwindow.cpp; path = mylib/glwindow.cpp; sourceTree = "<group>"; };
		38C1CBA6135306CA002C7EBE /* glwindow.h */ = {isa = PBXFileReference; fileEncoding = 4; lastKnownFileType = sourcecode.c.h; name = glwindow.h; path = mylib/glwindow.h; sourceTree = "<group>"; };
		38C1CBA7135306CA002C7EBE /* mycam.cpp */ = {isa = PBXFileReference; fileEncoding = 4; lastKnownFileType = sourcecode.cpp.cpp; name = mycam.cpp; path = mylib/mycam.cpp; sourceTree = "<group>"; };
		38C1CBA8135306CA002C7EBE /* mycam.h */ = {isa = PBXFileReference; fileEncoding = 4; lastKnownFileType = sourcecode.c.h; name = mycam.h; path = mylib/mycam.h; sourceTree = "<group>"; };
		38C1CBA9135306CA002C7EBE /* myimage.cpp */ = {isa = PBXFileReference; fileEncoding = 4; lastKnownFileType = sourcecode.cpp.cpp; name = myimage.cpp; path = mylib/myimage.cpp; sourceTree = "<group>"; };
		38C1CBAA135306CA002C7EBE /* myimage.h */ = {isa = PBXFileReference; fileEncoding = 4; lastKnownFileType = sourcecode.c.h; name = myimage.h; path = mylib/myimage.h; sourceTree = "<group>"; };
		38C1CBAB135306CA002C7EBE /* mylabel.cpp */ = {isa = PBXFileReference; fileEncoding = 4; lastKnownFileType = sourcecode.cpp.cpp; name = mylabel.cpp; path = mylib/mylabel.cpp; sourceTree = "<group>"; };
		38C1CBAC135306CA002C7EBE /* mylabel.h */ = {isa = PBXFileReference; fileEncoding = 4; lastKnownFileType = sourcecode.c.h; name = mylabel.h; path = mylib/mylabel.h; sourceTree = "<group>"; };
		38C1CBAD135306CA002C7EBE /* mymat.cpp */ = {isa = PBXFileReference; fileEncoding = 4; lastKnownFileType = sourcecode.cpp.cpp; name = mymat.cpp; path = mylib/mymat.cpp; sourceTree = "<group>"; };
		38C1CBAE135306CA002C7EBE /* mymat.h */ = {isa = PBXFileReference; fileEncoding = 4; lastKnownFileType = sourcecode.c.h; name = mymat.h; path = mylib/mymat.h; sourceTree = "<group>"; };
		38C1CBAF135306CA002C7EBE /* mytimer.cpp */ = {isa = PBXFileReference; fileEncoding = 4; lastKnownFileType = sourcecode.cpp.cpp; name = mytimer.cpp; path = mylib/mytimer.cpp; sourceTree = "<group>"; };
		38C1CBB0135306CA002C7EBE /* mytimer.h */ = {isa = PBXFileReference; fileEncoding = 4; lastKnownFileType = sourcecode.c.h; name = mytimer.h; path = mylib/mytimer.h; sourceTree = "<group>"; };
		38C1CBB1135306CA002C7EBE /* opencvpath.h */ = {isa = PBXFileReference; fileEncoding = 4; lastKnownFileType = sourcecode.c.h; name = opencvpath.h; path = mylib/opencvpath.h; sourceTree = "<group>"; };
		38C1CBBA135306ED002C7EBE /* libopencv_core.dylib */ = {isa = PBXFileReference; lastKnownFileType = "compiled.mach-o.dylib"; name = libopencv_core.dylib; path = /usr/local/lib/libopencv_core.dylib; sourceTree = "<absolute>"; };
		38C1CBBB135306ED002C7EBE /* libopencv_highgui.dylib */ = {isa = PBXFileReference; lastKnownFileType = "compiled.mach-o.dylib"; name = libopencv_highgui.dylib; path = /usr/local/lib/libopencv_highgui.dylib; sourceTree = "<absolute>"; };
		38C1CBBC135306ED002C7EBE /* libopencv_imgproc.dylib */ = {isa = PBXFileReference; lastKnownFileType = "compiled.mach-o.dylib"; name = libopencv_imgproc.dylib; path = /usr/local/lib/libopencv_imgproc.dylib; sourceTree = "<absolute>"; };
		38C1CBC213530702002C7EBE /* GLUT.framework */ = {isa = PBXFileReference; lastKnownFileType = wrapper.framework; name = GLUT.framework; path = System/Library/Frameworks/GLUT.framework; sourceTree = SDKROOT; };
		38C1CBC413530702002C7EBE /* OpenGL.framework */ = {isa = PBXFileReference; lastKnownFileType = wrapper.framework; name = OpenGL.framework; path = System/Library/Frameworks/OpenGL.framework; sourceTree = SDKROOT; };
		38C1CBF413530875002C7EBE /* libopencv_calib3d.dylib */ = {isa = PBXFileReference; lastKnownFileType = "compiled.mach-o.dylib"; name = libopencv_calib3d.dylib; path = /usr/local/lib/libopencv_calib3d.dylib; sourceTree = "<absolute>"; };
		8DD76F6C0486A84900D96B5E /* RandomDotMarkers */ = {isa = PBXFileReference; explicitFileType = "compiled.mach-o.executable"; includeInIndex = 0; path = RandomDotMarkers; sourceTree = BUILT_PRODUCTS_DIR; };
		A3348D4613672B5B00B334E2 /* libopencv_core.2.2.dylib */ = {isa = PBXFileReference; lastKnownFileType = "compiled.mach-o.dylib"; name = libopencv_core.2.2.dylib; path = usr/local/lib/libopencv_core.2.2.dylib; sourceTree = SDKROOT; };
		A3348D4913672B8000B334E2 /* libopencv_core.dylib */ = {isa = PBXFileReference; lastKnownFileType = "compiled.mach-o.dylib"; name = libopencv_core.dylib; path = usr/local/lib/libopencv_core.dylib; sourceTree = SDKROOT; };
		A3348D4B13672B8D00B334E2 /* libopencv_features2d.dylib */ = {isa = PBXFileReference; lastKnownFileType = "compiled.mach-o.dylib"; name = libopencv_features2d.dylib; path = usr/local/lib/libopencv_features2d.dylib; sourceTree = SDKROOT; };
		A3348D4D13672BAC00B334E2 /* libopencv_highgui.dylib */ = {isa = PBXFileReference; lastKnownFileType = "compiled.mach-o.dylib"; name = libopencv_highgui.dylib; path = usr/local/lib/libopencv_highgui.dylib; sourceTree = SDKROOT; };
		A3348D4E13672BAC00B334E2 /* libopencv_imgproc.dylib */ = {isa = PBXFileReference; lastKnownFileType = "compiled.mach-o.dylib"; name = libopencv_imgproc.dylib; path = usr/local/lib/libopencv_imgproc.dylib; sourceTree = SDKROOT; };
		A3348D4F13672BAC00B334E2 /* libopencv_legacy.dylib */ = {isa = PBXFileReference; lastKnownFileType = "compiled.mach-o.dylib"; name = libopencv_legacy.dylib; path = usr/local/lib/libopencv_legacy.dylib; sourceTree = SDKROOT; };
		A3348D5013672BAC00B334E2 /* libopencv_video.dylib */ = {isa = PBXFileReference; lastKnownFileType = "compiled.mach-o.dylib"; name = libopencv_video.dylib; path = usr/local/lib/libopencv_video.dylib; sourceTree = SDKROOT; };
		A350BE601366E24B0098ABA4 /* libosg.dylib */ = {isa = PBXFileReference; lastKnownFileType = "compiled.mach-o.dylib"; name = libosg.dylib; path = usr/local/lib/libosg.dylib; sourceTree = SDKROOT; };
		A350BE611366E24B0098ABA4 /* libosgDB.dylib */ = {isa = PBXFileReference; lastKnownFileType = "compiled.mach-o.dylib"; name = libosgDB.dylib; path = usr/local/lib/libosgDB.dylib; sourceTree = SDKROOT; };
		A350BE621366E24B0098ABA4 /* libosgGA.dylib */ = {isa = PBXFileReference; lastKnownFileType = "compiled.mach-o.dylib"; name = libosgGA.dylib; path = usr/local/lib/libosgGA.dylib; sourceTree = SDKROOT; };
		A350BE631366E24B0098ABA4 /* libosgParticle.dylib */ = {isa = PBXFileReference; lastKnownFileType = "compiled.mach-o.dylib"; name = libosgParticle.dylib; path = usr/local/lib/libosgParticle.dylib; sourceTree = SDKROOT; };
		A350BE641366E24B0098ABA4 /* libosgSim.dylib */ = {isa = PBXFileReference; lastKnownFileType = "compiled.mach-o.dylib"; name = libosgSim.dylib; path = usr/local/lib/libosgSim.dylib; sourceTree = SDKROOT; };
		A350BE651366E24B0098ABA4 /* libosgText.dylib */ = {isa = PBXFileReference; lastKnownFileType = "compiled.mach-o.dylib"; name = libosgText.dylib; path = usr/local/lib/libosgText.dylib; sourceTree = SDKROOT; };
		A350BE661366E24B0098ABA4 /* libosgUtil.dylib */ = {isa = PBXFileReference; lastKnownFileType = "compiled.mach-o.dylib"; name = libosgUtil.dylib; path = usr/local/lib/libosgUtil.dylib; sourceTree = SDKROOT; };
		A350BE671366E24B0098ABA4 /* libosgViewer.dylib */ = {isa = PBXFileReference; lastKnownFileType = "compiled.mach-o.dylib"; name = libosgViewer.dylib; path = usr/local/lib/libosgViewer.dylib; sourceTree = SDKROOT; };
		A350BE711366E2530098ABA4 /* libOpenThreads.dylib */ = {isa = PBXFileReference; lastKnownFileType = "compiled.mach-o.dylib"; name = libOpenThreads.dylib; path = usr/local/lib/libOpenThreads.dylib; sourceTree = SDKROOT; };
		A357222513AF1AFC00852F2E /* Color.hpp */ = {isa = PBXFileReference; lastKnownFileType = sourcecode.cpp.h; name = Color.hpp; path = chiang/Color.hpp; sourceTree = "<group>"; };
		A357222613AF1AFC00852F2E /* IdentLabel.hpp */ = {isa = PBXFileReference; lastKnownFileType = sourcecode.cpp.h; name = IdentLabel.hpp; path = chiang/IdentLabel.hpp; sourceTree = "<group>"; };
		A357222713AF1AFC00852F2E /* main.cpp */ = {isa = PBXFileReference; lastKnownFileType = sourcecode.cpp.cpp; name = main.cpp; path = chiang/main.cpp; sourceTree = "<group>"; };
		A357222813AF1AFC00852F2E /* RoadExtraction.cpp */ = {isa = PBXFileReference; lastKnownFileType = sourcecode.cpp.cpp; name = RoadExtraction.cpp; path = chiang/RoadExtraction.cpp; sourceTree = "<group>"; };
		A357222913AF1AFC00852F2E /* RoadExtraction.hpp */ = {isa = PBXFileReference; lastKnownFileType = sourcecode.cpp.h; name = RoadExtraction.hpp; path = chiang/RoadExtraction.hpp; sourceTree = "<group>"; };
		A357222E13AF1B1600852F2E /* chiangTest */ = {isa = PBXFileReference; explicitFileType = "compiled.mach-o.executable"; includeInIndex = 0; path = chiangTest; sourceTree = BUILT_PRODUCTS_DIR; };
		A357223313AF1B1600852F2E /* chiangTest.1 */ = {isa = PBXFileReference; lastKnownFileType = text.man; path = chiangTest.1; sourceTree = "<group>"; };
		A357223D13AF1B7B00852F2E /* libopencv_calib3d.dylib */ = {isa = PBXFileReference; lastKnownFileType = "compiled.mach-o.dylib"; name = libopencv_calib3d.dylib; path = usr/local/lib/libopencv_calib3d.dylib; sourceTree = SDKROOT; };
		A357223E13AF1B7B00852F2E /* libopencv_contrib.dylib */ = {isa = PBXFileReference; lastKnownFileType = "compiled.mach-o.dylib"; name = libopencv_contrib.dylib; path = usr/local/lib/libopencv_contrib.dylib; sourceTree = SDKROOT; };
		A357223F13AF1B7B00852F2E /* libopencv_core.dylib */ = {isa = PBXFileReference; lastKnownFileType = "compiled.mach-o.dylib"; name = libopencv_core.dylib; path = usr/local/lib/libopencv_core.dylib; sourceTree = SDKROOT; };
		A357224013AF1B7B00852F2E /* libopencv_features2d.dylib */ = {isa = PBXFileReference; lastKnownFileType = "compiled.mach-o.dylib"; name = libopencv_features2d.dylib; path = usr/local/lib/libopencv_features2d.dylib; sourceTree = SDKROOT; };
		A357224113AF1B7B00852F2E /* libopencv_flann.dylib */ = {isa = PBXFileReference; lastKnownFileType = "compiled.mach-o.dylib"; name = libopencv_flann.dylib; path = usr/local/lib/libopencv_flann.dylib; sourceTree = SDKROOT; };
		A357224213AF1B7B00852F2E /* libopencv_highgui.dylib */ = {isa = PBXFileReference; lastKnownFileType = "compiled.mach-o.dylib"; name = libopencv_highgui.dylib; path = usr/local/lib/libopencv_highgui.dylib; sourceTree = SDKROOT; };
		A357224313AF1B7B00852F2E /* libopencv_imgproc.dylib */ = {isa = PBXFileReference; lastKnownFileType = "compiled.mach-o.dylib"; name = libopencv_imgproc.dylib; path = usr/local/lib/libopencv_imgproc.dylib; sourceTree = SDKROOT; };
		A357224413AF1B7B00852F2E /* libopencv_legacy.dylib */ = {isa = PBXFileReference; lastKnownFileType = "compiled.mach-o.dylib"; name = libopencv_legacy.dylib; path = usr/local/lib/libopencv_legacy.dylib; sourceTree = SDKROOT; };
		A357224513AF1B7B00852F2E /* libopencv_ml.dylib */ = {isa = PBXFileReference; lastKnownFileType = "compiled.mach-o.dylib"; name = libopencv_ml.dylib; path = usr/local/lib/libopencv_ml.dylib; sourceTree = SDKROOT; };
		A357224613AF1B7B00852F2E /* libopencv_objdetect.dylib */ = {isa = PBXFileReference; lastKnownFileType = "compiled.mach-o.dylib"; name = libopencv_objdetect.dylib; path = usr/local/lib/libopencv_objdetect.dylib; sourceTree = SDKROOT; };
		A357224713AF1B7B00852F2E /* libopencv_video.dylib */ = {isa = PBXFileReference; lastKnownFileType = "compiled.mach-o.dylib"; name = libopencv_video.dylib; path = usr/local/lib/libopencv_video.dylib; sourceTree = SDKROOT; };
		A36AD8441366CD3F0066E897 /* osgAR */ = {isa = PBXFileReference; explicitFileType = "compiled.mach-o.executable"; includeInIndex = 0; path = osgAR; sourceTree = BUILT_PRODUCTS_DIR; };
		A36AD8471366CD3F0066E897 /* main.cpp */ = {isa = PBXFileReference; lastKnownFileType = sourcecode.cpp.cpp; path = main.cpp; sourceTree = "<group>"; };
		A36AD8491366CD3F0066E897 /* osgAR.1 */ = {isa = PBXFileReference; lastKnownFileType = text.man; path = osgAR.1; sourceTree = "<group>"; };
		A383E31413CD94B4002663AD /* imgProcChiang.cpp */ = {isa = PBXFileReference; fileEncoding = 4; lastKnownFileType = sourcecode.cpp.cpp; path = imgProcChiang.cpp; sourceTree = "<group>"; };
		A383E31513CD94B4002663AD /* imgProcChiang.h */ = {isa = PBXFileReference; fileEncoding = 4; lastKnownFileType = sourcecode.c.h; path = imgProcChiang.h; sourceTree = "<group>"; };
		A3FA014813857056001C0AAD /* imgProcGM.cpp */ = {isa = PBXFileReference; fileEncoding = 4; lastKnownFileType = sourcecode.cpp.cpp; path = imgProcGM.cpp; sourceTree = "<group>"; };
		A3FA014913857056001C0AAD /* imgProcGM.h */ = {isa = PBXFileReference; fileEncoding = 4; lastKnownFileType = sourcecode.c.h; path = imgProcGM.h; sourceTree = "<group>"; };
		C6859E8B029090EE04C91782 /* RandomDotMarkers.1 */ = {isa = PBXFileReference; lastKnownFileType = text.man; path = RandomDotMarkers.1; sourceTree = "<group>"; };
/* End PBXFileReference section */

/* Begin PBXFrameworksBuildPhase section */
		8DD76F660486A84900D96B5E /* Frameworks */ = {
			isa = PBXFrameworksBuildPhase;
			buildActionMask = 2147483647;
			files = (
				38C1CBBD135306ED002C7EBE /* libopencv_core.dylib in Frameworks */,
				38C1CBBE135306ED002C7EBE /* libopencv_highgui.dylib in Frameworks */,
				38C1CBBF135306ED002C7EBE /* libopencv_imgproc.dylib in Frameworks */,
				38C1CBC313530702002C7EBE /* GLUT.framework in Frameworks */,
				38C1CBC513530702002C7EBE /* OpenGL.framework in Frameworks */,
				38C1CBF513530875002C7EBE /* libopencv_calib3d.dylib in Frameworks */,
			);
			runOnlyForDeploymentPostprocessing = 0;
		};
		A357222B13AF1B1600852F2E /* Frameworks */ = {
			isa = PBXFrameworksBuildPhase;
			buildActionMask = 2147483647;
			files = (
				A357224813AF1B7B00852F2E /* libopencv_calib3d.dylib in Frameworks */,
				A357224913AF1B7B00852F2E /* libopencv_contrib.dylib in Frameworks */,
				A357224A13AF1B7B00852F2E /* libopencv_core.dylib in Frameworks */,
				A357224B13AF1B7B00852F2E /* libopencv_features2d.dylib in Frameworks */,
				A357224C13AF1B7B00852F2E /* libopencv_flann.dylib in Frameworks */,
				A357224D13AF1B7B00852F2E /* libopencv_highgui.dylib in Frameworks */,
				A357224E13AF1B7B00852F2E /* libopencv_imgproc.dylib in Frameworks */,
				A357224F13AF1B7B00852F2E /* libopencv_legacy.dylib in Frameworks */,
				A357225013AF1B7B00852F2E /* libopencv_ml.dylib in Frameworks */,
				A357225113AF1B7B00852F2E /* libopencv_objdetect.dylib in Frameworks */,
				A357225213AF1B7B00852F2E /* libopencv_video.dylib in Frameworks */,
			);
			runOnlyForDeploymentPostprocessing = 0;
		};
		A36AD8411366CD3F0066E897 /* Frameworks */ = {
			isa = PBXFrameworksBuildPhase;
			buildActionMask = 2147483647;
			files = (
				A3348D5113672BAC00B334E2 /* libopencv_highgui.dylib in Frameworks */,
				A3348D5213672BAC00B334E2 /* libopencv_imgproc.dylib in Frameworks */,
				A3348D5313672BAC00B334E2 /* libopencv_legacy.dylib in Frameworks */,
				A3348D5413672BAC00B334E2 /* libopencv_video.dylib in Frameworks */,
				A3348D4C13672B8D00B334E2 /* libopencv_features2d.dylib in Frameworks */,
				A3348D4A13672B8000B334E2 /* libopencv_core.dylib in Frameworks */,
				A350BE721366E2530098ABA4 /* libOpenThreads.dylib in Frameworks */,
				A350BE681366E24B0098ABA4 /* libosg.dylib in Frameworks */,
				A350BE691366E24B0098ABA4 /* libosgDB.dylib in Frameworks */,
				A350BE6A1366E24B0098ABA4 /* libosgGA.dylib in Frameworks */,
				A350BE6B1366E24B0098ABA4 /* libosgParticle.dylib in Frameworks */,
				A350BE6C1366E24B0098ABA4 /* libosgSim.dylib in Frameworks */,
				A350BE6D1366E24B0098ABA4 /* libosgText.dylib in Frameworks */,
				A350BE6E1366E24B0098ABA4 /* libosgUtil.dylib in Frameworks */,
				A350BE6F1366E24B0098ABA4 /* libosgViewer.dylib in Frameworks */,
			);
			runOnlyForDeploymentPostprocessing = 0;
		};
/* End PBXFrameworksBuildPhase section */

/* Begin PBXGroup section */
		08FB7794FE84155DC02AAC07 /* RandomDotMarkers */ = {
			isa = PBXGroup;
			children = (
				A357223D13AF1B7B00852F2E /* libopencv_calib3d.dylib */,
				A357223E13AF1B7B00852F2E /* libopencv_contrib.dylib */,
				A357223F13AF1B7B00852F2E /* libopencv_core.dylib */,
				A357224013AF1B7B00852F2E /* libopencv_features2d.dylib */,
				A357224113AF1B7B00852F2E /* libopencv_flann.dylib */,
				A357224213AF1B7B00852F2E /* libopencv_highgui.dylib */,
				A357224313AF1B7B00852F2E /* libopencv_imgproc.dylib */,
				A357224413AF1B7B00852F2E /* libopencv_legacy.dylib */,
				A357224513AF1B7B00852F2E /* libopencv_ml.dylib */,
				A357224613AF1B7B00852F2E /* libopencv_objdetect.dylib */,
				A357224713AF1B7B00852F2E /* libopencv_video.dylib */,
				A357222313AF18EE00852F2E /* Chiang */,
				38A4FE6D13681A17003D16F9 /* skeletonization */,
				A36AD8461366CD3F0066E897 /* osgAR */,
				A357223013AF1B1600852F2E /* chiangTest */,
				38C1CBB9135306CE002C7EBE /* Frameworks */,
				38C1CBA2135306B8002C7EBE /* Lib */,
				08FB7795FE84155DC02AAC07 /* Source */,
				C6859E8C029090F304C91782 /* Documentation */,
				1AB674ADFE9D54B511CA2CBB /* Products */,
			);
			name = RandomDotMarkers;
			sourceTree = "<group>";
		};
		08FB7795FE84155DC02AAC07 /* Source */ = {
			isa = PBXGroup;
			children = (
				38C1CB89135306A3002C7EBE /* blob.cpp */,
				38C1CB8A135306A3002C7EBE /* blob.h */,
				38C1CB8B135306A3002C7EBE /* bloblist.cpp */,
				38C1CB8C135306A3002C7EBE /* bloblist.h */,
				38C1CB8D135306A3002C7EBE /* hashtable.cpp */,
				38C1CB8E135306A3002C7EBE /* hashtable.h */,
				38C1CB8F135306A3002C7EBE /* llah.cpp */,
				38C1CB90135306A3002C7EBE /* llah.h */,
				38C1CB91135306A3002C7EBE /* llahparam.cpp */,
				38C1CB92135306A3002C7EBE /* llahparam.h */,
				08FB7796FE84155DC02AAC07 /* main.cpp */,
				38C1CB93135306A3002C7EBE /* main.h */,
				38C1CB94135306A3002C7EBE /* paper.cpp */,
				38C1CB95135306A3002C7EBE /* paper.h */,
				38C1CB96135306A3002C7EBE /* paperlist.cpp */,
				38C1CB97135306A3002C7EBE /* paperlist.h */,
				38C1CB98135306A3002C7EBE /* window.cpp */,
				38C1CB99135306A3002C7EBE /* window.h */,
			);
			name = Source;
			sourceTree = "<group>";
		};
		1AB674ADFE9D54B511CA2CBB /* Products */ = {
			isa = PBXGroup;
			children = (
				8DD76F6C0486A84900D96B5E /* RandomDotMarkers */,
				A36AD8441366CD3F0066E897 /* osgAR */,
				A357222E13AF1B1600852F2E /* chiangTest */,
			);
			name = Products;
			sourceTree = "<group>";
		};
		38A4FE6D13681A17003D16F9 /* skeletonization */ = {
			isa = PBXGroup;
			children = (
				38A4FE6E13681A2A003D16F9 /* Intersections.cpp */,
				38A4FE6F13681A2A003D16F9 /* Intersections.h */,
				38A4FE7013681A2A003D16F9 /* Skeletonize.cpp */,
				38A4FE7113681A2A003D16F9 /* Skeletonize.h */,
				A3FA014813857056001C0AAD /* imgProcGM.cpp */,
				A3FA014913857056001C0AAD /* imgProcGM.h */,
				A383E31413CD94B4002663AD /* imgProcChiang.cpp */,
				A383E31513CD94B4002663AD /* imgProcChiang.h */,
			);
			name = skeletonization;
			sourceTree = "<group>";
		};
		38C1CBA2135306B8002C7EBE /* Lib */ = {
			isa = PBXGroup;
			children = (
				38C1CBA3135306CA002C7EBE /* combination.cpp */,
				38C1CBA4135306CA002C7EBE /* combination.h */,
				38C1CBA5135306CA002C7EBE /* glwindow.cpp */,
				38C1CBA6135306CA002C7EBE /* glwindow.h */,
				38C1CBA7135306CA002C7EBE /* mycam.cpp */,
				38C1CBA8135306CA002C7EBE /* mycam.h */,
				38C1CBA9135306CA002C7EBE /* myimage.cpp */,
				38C1CBAA135306CA002C7EBE /* myimage.h */,
				38C1CBAB135306CA002C7EBE /* mylabel.cpp */,
				38C1CBAC135306CA002C7EBE /* mylabel.h */,
				38C1CBAD135306CA002C7EBE /* mymat.cpp */,
				38C1CBAE135306CA002C7EBE /* mymat.h */,
				38C1CBAF135306CA002C7EBE /* mytimer.cpp */,
				38C1CBB0135306CA002C7EBE /* mytimer.h */,
				38C1CBB1135306CA002C7EBE /* opencvpath.h */,
			);
			name = Lib;
			sourceTree = "<group>";
		};
		38C1CBB9135306CE002C7EBE /* Frameworks */ = {
			isa = PBXGroup;
			children = (
				A3281F2E13572FCC007DC809 /* OpenSceneGraph */,
				A3281F2C13572FB9007DC809 /* OpenCV */,
				38C1CBC413530702002C7EBE /* OpenGL.framework */,
				38C1CBC213530702002C7EBE /* GLUT.framework */,
			);
			name = Frameworks;
			sourceTree = "<group>";
		};
		A3281F2C13572FB9007DC809 /* OpenCV */ = {
			isa = PBXGroup;
			children = (
				A3348D4D13672BAC00B334E2 /* libopencv_highgui.dylib */,
				A3348D4E13672BAC00B334E2 /* libopencv_imgproc.dylib */,
				A3348D4F13672BAC00B334E2 /* libopencv_legacy.dylib */,
				A3348D5013672BAC00B334E2 /* libopencv_video.dylib */,
				A3348D4B13672B8D00B334E2 /* libopencv_features2d.dylib */,
				A3348D4913672B8000B334E2 /* libopencv_core.dylib */,
				A3348D4613672B5B00B334E2 /* libopencv_core.2.2.dylib */,
				38C1CBF413530875002C7EBE /* libopencv_calib3d.dylib */,
				38C1CBBA135306ED002C7EBE /* libopencv_core.dylib */,
				38C1CBBB135306ED002C7EBE /* libopencv_highgui.dylib */,
				38C1CBBC135306ED002C7EBE /* libopencv_imgproc.dylib */,
			);
			name = OpenCV;
			sourceTree = "<group>";
		};
		A3281F2E13572FCC007DC809 /* OpenSceneGraph */ = {
			isa = PBXGroup;
			children = (
				A350BE711366E2530098ABA4 /* libOpenThreads.dylib */,
				A350BE601366E24B0098ABA4 /* libosg.dylib */,
				A350BE611366E24B0098ABA4 /* libosgDB.dylib */,
				A350BE621366E24B0098ABA4 /* libosgGA.dylib */,
				A350BE631366E24B0098ABA4 /* libosgParticle.dylib */,
				A350BE641366E24B0098ABA4 /* libosgSim.dylib */,
				A350BE651366E24B0098ABA4 /* libosgText.dylib */,
				A350BE661366E24B0098ABA4 /* libosgUtil.dylib */,
				A350BE671366E24B0098ABA4 /* libosgViewer.dylib */,
			);
			name = OpenSceneGraph;
			sourceTree = "<group>";
		};
		A357222313AF18EE00852F2E /* Chiang */ = {
			isa = PBXGroup;
			children = (
				A357222513AF1AFC00852F2E /* Color.hpp */,
				A357222613AF1AFC00852F2E /* IdentLabel.hpp */,
				A357222713AF1AFC00852F2E /* main.cpp */,
				A357222813AF1AFC00852F2E /* RoadExtraction.cpp */,
				A357222913AF1AFC00852F2E /* RoadExtraction.hpp */,
			);
			name = Chiang;
			sourceTree = "<group>";
		};
		A357223013AF1B1600852F2E /* chiangTest */ = {
			isa = PBXGroup;
			children = (
				A357223313AF1B1600852F2E /* chiangTest.1 */,
			);
			path = chiangTest;
			sourceTree = "<group>";
		};
		A36AD8461366CD3F0066E897 /* osgAR */ = {
			isa = PBXGroup;
			children = (
				3838FB3A137AC2B3005687A1 /* CustomCameraManipulator.h */,
				3838FB3B137AC2B3005687A1 /* CustomCameraManipulator.cpp */,
				385EEC9E138161E8009E3B71 /* CustomEventHandler.h */,
				385EEC9F138161E8009E3B71 /* CustomEventHandler.cpp */,
				384E3D2A13704B6100ABCB00 /* NAM-FFmpegImageStream.cpp */,
				384E3D2B13704B6100ABCB00 /* NAM-FFmpegImageStream.hpp */,
				38A6E97A136EB0D200F44AAD /* main-VideoGeometry.cpp */,
				38A6E89D136E996B00F44AAD /* videogeometry.cpp */,
				38A6E89E136E996B00F44AAD /* videogeometry.h */,
				A36AD8471366CD3F0066E897 /* main.cpp */,
				A36AD8491366CD3F0066E897 /* osgAR.1 */,
			);
			path = osgAR;
			sourceTree = "<group>";
		};
		C6859E8C029090F304C91782 /* Documentation */ = {
			isa = PBXGroup;
			children = (
				C6859E8B029090EE04C91782 /* RandomDotMarkers.1 */,
			);
			name = Documentation;
			sourceTree = "<group>";
		};
/* End PBXGroup section */

/* Begin PBXNativeTarget section */
		8DD76F620486A84900D96B5E /* RandomDotMarkers */ = {
			isa = PBXNativeTarget;
			buildConfigurationList = 1DEB923108733DC60010E9CD /* Build configuration list for PBXNativeTarget "RandomDotMarkers" */;
			buildPhases = (
				8DD76F640486A84900D96B5E /* Sources */,
				8DD76F660486A84900D96B5E /* Frameworks */,
				8DD76F690486A84900D96B5E /* CopyFiles */,
			);
			buildRules = (
			);
			dependencies = (
			);
			name = RandomDotMarkers;
			productInstallPath = "$(HOME)/bin";
			productName = RandomDotMarkers;
			productReference = 8DD76F6C0486A84900D96B5E /* RandomDotMarkers */;
			productType = "com.apple.product-type.tool";
		};
		A357222D13AF1B1600852F2E /* chiangTest */ = {
			isa = PBXNativeTarget;
			buildConfigurationList = A357223413AF1B1600852F2E /* Build configuration list for PBXNativeTarget "chiangTest" */;
			buildPhases = (
				A357222A13AF1B1600852F2E /* Sources */,
				A357222B13AF1B1600852F2E /* Frameworks */,
				A357222C13AF1B1600852F2E /* CopyFiles */,
			);
			buildRules = (
			);
			dependencies = (
			);
			name = chiangTest;
			productName = chiangTest;
			productReference = A357222E13AF1B1600852F2E /* chiangTest */;
			productType = "com.apple.product-type.tool";
		};
		A36AD8431366CD3F0066E897 /* osgAR */ = {
			isa = PBXNativeTarget;
			buildConfigurationList = A36AD84C1366CD3F0066E897 /* Build configuration list for PBXNativeTarget "osgAR" */;
			buildPhases = (
				A36AD8401366CD3F0066E897 /* Sources */,
				A36AD8411366CD3F0066E897 /* Frameworks */,
				A36AD8421366CD3F0066E897 /* CopyFiles */,
			);
			buildRules = (
			);
			dependencies = (
			);
			name = osgAR;
			productName = osgAR;
			productReference = A36AD8441366CD3F0066E897 /* osgAR */;
			productType = "com.apple.product-type.tool";
		};
/* End PBXNativeTarget section */

/* Begin PBXProject section */
		08FB7793FE84155DC02AAC07 /* Project object */ = {
			isa = PBXProject;
			buildConfigurationList = 1DEB923508733DC60010E9CD /* Build configuration list for PBXProject "RandomDotMarkers" */;
			compatibilityVersion = "Xcode 3.1";
			developmentRegion = English;
			hasScannedForEncodings = 1;
			knownRegions = (
				English,
				Japanese,
				French,
				German,
			);
			mainGroup = 08FB7794FE84155DC02AAC07 /* RandomDotMarkers */;
			projectDirPath = "";
			projectRoot = "";
			targets = (
				8DD76F620486A84900D96B5E /* RandomDotMarkers */,
				A36AD8431366CD3F0066E897 /* osgAR */,
				A357222D13AF1B1600852F2E /* chiangTest */,
			);
		};
/* End PBXProject section */

/* Begin PBXSourcesBuildPhase section */
		8DD76F640486A84900D96B5E /* Sources */ = {
			isa = PBXSourcesBuildPhase;
			buildActionMask = 2147483647;
			files = (
				8DD76F650486A84900D96B5E /* main.cpp in Sources */,
				38C1CB9A135306A3002C7EBE /* blob.cpp in Sources */,
				38C1CB9B135306A3002C7EBE /* bloblist.cpp in Sources */,
				38C1CB9C135306A3002C7EBE /* hashtable.cpp in Sources */,
				38C1CB9D135306A3002C7EBE /* llah.cpp in Sources */,
				38C1CB9E135306A3002C7EBE /* llahparam.cpp in Sources */,
				38C1CB9F135306A3002C7EBE /* paper.cpp in Sources */,
				38C1CBA0135306A3002C7EBE /* paperlist.cpp in Sources */,
				38C1CBA1135306A3002C7EBE /* window.cpp in Sources */,
				38C1CBB2135306CA002C7EBE /* combination.cpp in Sources */,
				38C1CBB3135306CA002C7EBE /* glwindow.cpp in Sources */,
				38C1CBB4135306CA002C7EBE /* mycam.cpp in Sources */,
				38C1CBB5135306CA002C7EBE /* myimage.cpp in Sources */,
				38C1CBB6135306CA002C7EBE /* mylabel.cpp in Sources */,
				38C1CBB7135306CA002C7EBE /* mymat.cpp in Sources */,
				38C1CBB8135306CA002C7EBE /* mytimer.cpp in Sources */,
				38A4FE7213681A2A003D16F9 /* Intersections.cpp in Sources */,
				38A4FE7313681A2A003D16F9 /* Skeletonize.cpp in Sources */,
			);
			runOnlyForDeploymentPostprocessing = 0;
		};
		A357222A13AF1B1600852F2E /* Sources */ = {
			isa = PBXSourcesBuildPhase;
			buildActionMask = 2147483647;
			files = (
				A357223813AF1B3C00852F2E /* Color.hpp in Sources */,
				A357223913AF1B3C00852F2E /* IdentLabel.hpp in Sources */,
				A357223A13AF1B3C00852F2E /* main.cpp in Sources */,
				A357223B13AF1B3C00852F2E /* RoadExtraction.cpp in Sources */,
				A357223C13AF1B3C00852F2E /* RoadExtraction.hpp in Sources */,
			);
			runOnlyForDeploymentPostprocessing = 0;
		};
		A36AD8401366CD3F0066E897 /* Sources */ = {
			isa = PBXSourcesBuildPhase;
			buildActionMask = 2147483647;
			files = (
				A36AD8481366CD3F0066E897 /* main.cpp in Sources */,
				38A4FE7413681A2A003D16F9 /* Intersections.cpp in Sources */,
				38A4FE7513681A2A003D16F9 /* Skeletonize.cpp in Sources */,
				38A6E89F136E996B00F44AAD /* videogeometry.cpp in Sources */,
				38A6E97B136EB0D200F44AAD /* main-VideoGeometry.cpp in Sources */,
				3838FB3C137AC2B3005687A1 /* CustomCameraManipulator.cpp in Sources */,
				385EECA0138161E8009E3B71 /* CustomEventHandler.cpp in Sources */,
				A3FA014A13857056001C0AAD /* imgProcGM.cpp in Sources */,
				A383E31613CD94B4002663AD /* imgProcChiang.cpp in Sources */,
			);
			runOnlyForDeploymentPostprocessing = 0;
		};
/* End PBXSourcesBuildPhase section */

/* Begin XCBuildConfiguration section */
		1DEB923208733DC60010E9CD /* Debug */ = {
			isa = XCBuildConfiguration;
			buildSettings = {
				ALWAYS_SEARCH_USER_PATHS = NO;
				COPY_PHASE_STRIP = NO;
				GCC_DYNAMIC_NO_PIC = NO;
				GCC_ENABLE_FIX_AND_CONTINUE = YES;
				GCC_MODEL_TUNING = G5;
				GCC_OPTIMIZATION_LEVEL = 0;
				INSTALL_PATH = /usr/local/bin;
				PRODUCT_NAME = RandomDotMarkers;
			};
			name = Debug;
		};
		1DEB923308733DC60010E9CD /* Release */ = {
			isa = XCBuildConfiguration;
			buildSettings = {
				ALWAYS_SEARCH_USER_PATHS = NO;
				DEBUG_INFORMATION_FORMAT = "dwarf-with-dsym";
				GCC_MODEL_TUNING = G5;
				INSTALL_PATH = /usr/local/bin;
				PRODUCT_NAME = RandomDotMarkers;
			};
			name = Release;
		};
		1DEB923608733DC60010E9CD /* Debug */ = {
			isa = XCBuildConfiguration;
			buildSettings = {
				ARCHS = "$(ARCHS_STANDARD_32_64_BIT)";
				GCC_C_LANGUAGE_STANDARD = gnu99;
				GCC_OPTIMIZATION_LEVEL = 0;
				GCC_WARN_ABOUT_RETURN_TYPE = YES;
				GCC_WARN_UNUSED_VARIABLE = YES;
				HEADER_SEARCH_PATHS = (
					/usr/local/include/libavfilter,
					/usr/local/include/libswscale,
					/usr/local/include/libavutil,
					/usr/local/include/libavdevice,
					/usr/local/include/libavformat,
					/usr/local/include/libavcodec,
					/usr/local/include,
				);
				LIBRARY_SEARCH_PATHS = /usr/local/lib;
				ONLY_ACTIVE_ARCH = YES;
				PREBINDING = NO;
				REZ_SEARCH_PATHS = (
					"$(HOME)/Documents/Dev/OpenSceneGraph/OpenSceneGraph-Data/Images",
					"$(OSG_FILE_PATH)",
				);
				SDKROOT = macosx10.6;
				VALID_ARCHS = "i386 x86_64";
			};
			name = Debug;
		};
		1DEB923708733DC60010E9CD /* Release */ = {
			isa = XCBuildConfiguration;
			buildSettings = {
				ARCHS = "$(ARCHS_STANDARD_32_64_BIT)";
				GCC_C_LANGUAGE_STANDARD = gnu99;
				GCC_OPTIMIZATION_LEVEL = 3;
				GCC_WARN_ABOUT_RETURN_TYPE = YES;
				GCC_WARN_UNUSED_VARIABLE = YES;
				HEADER_SEARCH_PATHS = /usr/local/include;
				LIBRARY_SEARCH_PATHS = /usr/local/lib;
				PREBINDING = NO;
				SDKROOT = macosx10.6;
				VALID_ARCHS = "i386 x86_64";
			};
			name = Release;
		};
		388C63091372DECC00F17278 /* New Release */ = {
			isa = XCBuildConfiguration;
			buildSettings = {
				ARCHS = "$(ARCHS_STANDARD_32_64_BIT)";
				GCC_C_LANGUAGE_STANDARD = gnu99;
				GCC_OPTIMIZATION_LEVEL = 3;
				GCC_WARN_ABOUT_RETURN_TYPE = YES;
				GCC_WARN_UNUSED_VARIABLE = YES;
				HEADER_SEARCH_PATHS = (
					/usr/local/include/libavfilter,
					/usr/local/include/libswscale,
					/usr/local/include/libavutil,
					/usr/local/include/libavdevice,
					/usr/local/include/libavformat,
					/usr/local/include/libavcodec,
					/usr/local/include,
				);
				LIBRARY_SEARCH_PATHS = /usr/local/lib;
				ONLY_ACTIVE_ARCH = YES;
				PREBINDING = NO;
				REZ_SEARCH_PATHS = (
					"$(HOME)/Documents/Dev/OpenSceneGraph/OpenSceneGraph-Data/Images",
					"$(OSG_FILE_PATH)",
				);
				SDKROOT = macosx10.6;
				VALID_ARCHS = x86_64;
			};
			name = "New Release";
		};
		388C630A1372DECC00F17278 /* New Release */ = {
			isa = XCBuildConfiguration;
			buildSettings = {
				ALWAYS_SEARCH_USER_PATHS = NO;
				COPY_PHASE_STRIP = NO;
				GCC_DYNAMIC_NO_PIC = NO;
				GCC_ENABLE_FIX_AND_CONTINUE = YES;
				GCC_MODEL_TUNING = G5;
				GCC_OPTIMIZATION_LEVEL = 0;
				INSTALL_PATH = /usr/local/bin;
				PRODUCT_NAME = RandomDotMarkers;
			};
			name = "New Release";
		};
		388C630B1372DECC00F17278 /* New Release */ = {
			isa = XCBuildConfiguration;
			buildSettings = {
				ALWAYS_SEARCH_USER_PATHS = NO;
				COPY_PHASE_STRIP = NO;
				GCC_DYNAMIC_NO_PIC = NO;
				GCC_ENABLE_OBJC_EXCEPTIONS = YES;
				GCC_PREPROCESSOR_DEFINITIONS = DEBUG;
				GCC_SYMBOLS_PRIVATE_EXTERN = NO;
				GCC_VERSION = com.apple.compilers.llvm.clang.1_0;
				GCC_WARN_64_TO_32_BIT_CONVERSION = YES;
				MACOSX_DEPLOYMENT_TARGET = 10.6;
				PRODUCT_NAME = "$(TARGET_NAME)";
				SDKROOT = macosx;
			};
			name = "New Release";
		};
		A357223513AF1B1600852F2E /* Debug */ = {
			isa = XCBuildConfiguration;
			buildSettings = {
				ALWAYS_SEARCH_USER_PATHS = NO;
				COPY_PHASE_STRIP = NO;
				GCC_DYNAMIC_NO_PIC = NO;
				GCC_ENABLE_OBJC_EXCEPTIONS = YES;
				GCC_PREPROCESSOR_DEFINITIONS = DEBUG;
				GCC_SYMBOLS_PRIVATE_EXTERN = NO;
				GCC_VERSION = com.apple.compilers.llvm.clang.1_0;
				GCC_WARN_64_TO_32_BIT_CONVERSION = YES;
				MACOSX_DEPLOYMENT_TARGET = 10.6;
				PRODUCT_NAME = "$(TARGET_NAME)";
				SDKROOT = macosx;
			};
			name = Debug;
		};
		A357223613AF1B1600852F2E /* New Release */ = {
			isa = XCBuildConfiguration;
			buildSettings = {
				ALWAYS_SEARCH_USER_PATHS = NO;
				COPY_PHASE_STRIP = YES;
				DEBUG_INFORMATION_FORMAT = "dwarf-with-dsym";
				GCC_ENABLE_OBJC_EXCEPTIONS = YES;
				GCC_VERSION = com.apple.compilers.llvm.clang.1_0;
				GCC_WARN_64_TO_32_BIT_CONVERSION = YES;
				MACOSX_DEPLOYMENT_TARGET = 10.6;
				PRODUCT_NAME = "$(TARGET_NAME)";
				SDKROOT = macosx;
			};
			name = "New Release";
		};
		A357223713AF1B1600852F2E /* Release */ = {
			isa = XCBuildConfiguration;
			buildSettings = {
				ALWAYS_SEARCH_USER_PATHS = NO;
				COPY_PHASE_STRIP = YES;
				DEBUG_INFORMATION_FORMAT = "dwarf-with-dsym";
				GCC_ENABLE_OBJC_EXCEPTIONS = YES;
				GCC_VERSION = com.apple.compilers.llvm.clang.1_0;
				GCC_WARN_64_TO_32_BIT_CONVERSION = YES;
				MACOSX_DEPLOYMENT_TARGET = 10.6;
				PRODUCT_NAME = "$(TARGET_NAME)";
				SDKROOT = macosx;
			};
			name = Release;
		};
		A36AD84A1366CD3F0066E897 /* Debug */ = {
			isa = XCBuildConfiguration;
			buildSettings = {
				ALWAYS_SEARCH_USER_PATHS = NO;
				COPY_PHASE_STRIP = NO;
				GCC_DYNAMIC_NO_PIC = NO;
				GCC_ENABLE_OBJC_EXCEPTIONS = YES;
				GCC_PREPROCESSOR_DEFINITIONS = DEBUG;
				GCC_SYMBOLS_PRIVATE_EXTERN = NO;
				GCC_VERSION = com.apple.compilers.llvm.clang.1_0;
				GCC_WARN_64_TO_32_BIT_CONVERSION = YES;
				MACOSX_DEPLOYMENT_TARGET = 10.6;
				PRODUCT_NAME = "$(TARGET_NAME)";
				SDKROOT = macosx;
			};
			name = Debug;
		};
		A36AD84B1366CD3F0066E897 /* Release */ = {
			isa = XCBuildConfiguration;
			buildSettings = {
				ALWAYS_SEARCH_USER_PATHS = NO;
				COPY_PHASE_STRIP = YES;
				DEBUG_INFORMATION_FORMAT = "dwarf-with-dsym";
				GCC_ENABLE_OBJC_EXCEPTIONS = YES;
				GCC_VERSION = com.apple.compilers.llvm.clang.1_0;
				GCC_WARN_64_TO_32_BIT_CONVERSION = YES;
				MACOSX_DEPLOYMENT_TARGET = 10.6;
				PRODUCT_NAME = "$(TARGET_NAME)";
				SDKROOT = macosx;
			};
			name = Release;
		};
/* End XCBuildConfiguration section */

/* Begin XCConfigurationList section */
		1DEB923108733DC60010E9CD /* Build configuration list for PBXNativeTarget "RandomDotMarkers" */ = {
			isa = XCConfigurationList;
			buildConfigurations = (
				1DEB923208733DC60010E9CD /* Debug */,
				388C630A1372DECC00F17278 /* New Release */,
				1DEB923308733DC60010E9CD /* Release */,
			);
			defaultConfigurationIsVisible = 0;
			defaultConfigurationName = Release;
		};
		1DEB923508733DC60010E9CD /* Build configuration list for PBXProject "RandomDotMarkers" */ = {
			isa = XCConfigurationList;
			buildConfigurations = (
				1DEB923608733DC60010E9CD /* Debug */,
				388C63091372DECC00F17278 /* New Release */,
				1DEB923708733DC60010E9CD /* Release */,
			);
			defaultConfigurationIsVisible = 0;
			defaultConfigurationName = Release;
		};
		A357223413AF1B1600852F2E /* Build configuration list for PBXNativeTarget "chiangTest" */ = {
			isa = XCConfigurationList;
			buildConfigurations = (
				A357223513AF1B1600852F2E /* Debug */,
				A357223613AF1B1600852F2E /* New Release */,
				A357223713AF1B1600852F2E /* Release */,
			);
			defaultConfigurationIsVisible = 0;
			defaultConfigurationName = Release;
		};
		A36AD84C1366CD3F0066E897 /* Build configuration list for PBXNativeTarget "osgAR" */ = {
			isa = XCConfigurationList;
			buildConfigurations = (
				A36AD84A1366CD3F0066E897 /* Debug */,
				388C630B1372DECC00F17278 /* New Release */,
				A36AD84B1366CD3F0066E897 /* Release */,
			);
			defaultConfigurationIsVisible = 0;
			defaultConfigurationName = Release;
		};
/* End XCConfigurationList section */
	};
	rootObject = 08FB7793FE84155DC02AAC07 /* Project object */;
}
